
Microsoft Visual Studio Solution File, Format Version 12.00
# Visual Studio Version 16
VisualStudioVersion = 16.0.33214.272
MinimumVisualStudioVersion = 10.0.40219.1
Project("{FAE04EC0-301F-11D3-BF4B-00C04F79EFBC}") = "RegistrationDetails", "RegistrationDetails\RegistrationDetails.csproj", "{421E44B7-DA94-4BBC-95AF-0EE951968E1A}"
EndProject
Project("{FAE04EC0-301F-11D3-BF4B-00C04F79EFBC}") = "DataMapper", "DataMapper\DataMapper.csproj", "{A0A8EBFA-ADD5-45B8-99F6-C79592B90DBD}"
EndProject
Global
	GlobalSection(SolutionConfigurationPlatforms) = preSolution
		Debug|Any CPU = Debug|Any CPU
		Release|Any CPU = Release|Any CPU
	EndGlobalSection
	GlobalSection(ProjectConfigurationPlatforms) = postSolution
		{421E44B7-DA94-4BBC-95AF-0EE951968E1A}.Debug|Any CPU.ActiveCfg = Debug|Any CPU
		{421E44B7-DA94-4BBC-95AF-0EE951968E1A}.Debug|Any CPU.Build.0 = Debug|Any CPU
		{421E44B7-DA94-4BBC-95AF-0EE951968E1A}.Release|Any CPU.ActiveCfg = Release|Any CPU
		{421E44B7-DA94-4BBC-95AF-0EE951968E1A}.Release|Any CPU.Build.0 = Release|Any CPU
		{A0A8EBFA-ADD5-45B8-99F6-C79592B90DBD}.Debug|Any CPU.ActiveCfg = Debug|Any CPU
		{A0A8EBFA-ADD5-45B8-99F6-C79592B90DBD}.Debug|Any CPU.Build.0 = Debug|Any CPU
		{A0A8EBFA-ADD5-45B8-99F6-C79592B90DBD}.Release|Any CPU.ActiveCfg = Release|Any CPU
		{A0A8EBFA-ADD5-45B8-99F6-C79592B90DBD}.Release|Any CPU.Build.0 = Release|Any CPU
	EndGlobalSection
	GlobalSection(SolutionProperties) = preSolution
		HideSolutionNode = FALSE
	EndGlobalSection
	GlobalSection(ExtensibilityGlobals) = postSolution
		SolutionGuid = {D5ED1300-17A9-4EFA-99FE-3C24221FFE3B}
	EndGlobalSection
EndGlobal
